
Microsoft Visual Studio Solution File, Format Version 12.00
# Visual Studio Version 17
VisualStudioVersion = 17.9.34616.47
MinimumVisualStudioVersion = 10.0.40219.1
Project("{9A19103F-16F7-4668-BE54-9A1E7A4F7556}") = "Data", "Data\Data.csproj", "{0617AB28-9C18-441C-BBDA-67AC722606F1}"
EndProject
Project("{9A19103F-16F7-4668-BE54-9A1E7A4F7556}") = "Logic", "Logic\Logic.csproj", "{7910BB22-1C5D-49CF-8EBF-CE44BA2D70E2}"
EndProject
Project("{9A19103F-16F7-4668-BE54-9A1E7A4F7556}") = "Model", "Model\Model.csproj", "{25E15A4C-86FD-4C83-B1ED-88C8186224C8}"
EndProject
Project("{9A19103F-16F7-4668-BE54-9A1E7A4F7556}") = "ViewModel", "ViewModel\ViewModel.csproj", "{044959E7-C2C4-4219-AC77-2AA7BDFD1C9B}"
EndProject
Project("{9A19103F-16F7-4668-BE54-9A1E7A4F7556}") = "View", "View\View.csproj", "{A56FCA8D-3C90-44A0-BA40-B461B7F55865}"
EndProject
Project("{FAE04EC0-301F-11D3-BF4B-00C04F79EFBC}") = "DataTests", "DataTests\DataTests.csproj", "{4374931E-BEAE-4C62-B2BD-0B36451AD639}"
EndProject
Project("{FAE04EC0-301F-11D3-BF4B-00C04F79EFBC}") = "LogicTests", "LogicTests\LogicTests.csproj", "{FBA98148-E9D9-4BD5-BF6D-2D281DC8A4F7}"
EndProject
Global
	GlobalSection(SolutionConfigurationPlatforms) = preSolution
		Debug|Any CPU = Debug|Any CPU
		Release|Any CPU = Release|Any CPU
	EndGlobalSection
	GlobalSection(ProjectConfigurationPlatforms) = postSolution
		{0617AB28-9C18-441C-BBDA-67AC722606F1}.Debug|Any CPU.ActiveCfg = Debug|Any CPU
		{0617AB28-9C18-441C-BBDA-67AC722606F1}.Debug|Any CPU.Build.0 = Debug|Any CPU
		{0617AB28-9C18-441C-BBDA-67AC722606F1}.Release|Any CPU.ActiveCfg = Release|Any CPU
		{0617AB28-9C18-441C-BBDA-67AC722606F1}.Release|Any CPU.Build.0 = Release|Any CPU
		{7910BB22-1C5D-49CF-8EBF-CE44BA2D70E2}.Debug|Any CPU.ActiveCfg = Debug|Any CPU
		{7910BB22-1C5D-49CF-8EBF-CE44BA2D70E2}.Debug|Any CPU.Build.0 = Debug|Any CPU
		{7910BB22-1C5D-49CF-8EBF-CE44BA2D70E2}.Release|Any CPU.ActiveCfg = Release|Any CPU
		{7910BB22-1C5D-49CF-8EBF-CE44BA2D70E2}.Release|Any CPU.Build.0 = Release|Any CPU
		{25E15A4C-86FD-4C83-B1ED-88C8186224C8}.Debug|Any CPU.ActiveCfg = Debug|Any CPU
		{25E15A4C-86FD-4C83-B1ED-88C8186224C8}.Debug|Any CPU.Build.0 = Debug|Any CPU
		{25E15A4C-86FD-4C83-B1ED-88C8186224C8}.Release|Any CPU.ActiveCfg = Release|Any CPU
		{25E15A4C-86FD-4C83-B1ED-88C8186224C8}.Release|Any CPU.Build.0 = Release|Any CPU
		{044959E7-C2C4-4219-AC77-2AA7BDFD1C9B}.Debug|Any CPU.ActiveCfg = Debug|Any CPU
		{044959E7-C2C4-4219-AC77-2AA7BDFD1C9B}.Debug|Any CPU.Build.0 = Debug|Any CPU
		{044959E7-C2C4-4219-AC77-2AA7BDFD1C9B}.Release|Any CPU.ActiveCfg = Release|Any CPU
		{044959E7-C2C4-4219-AC77-2AA7BDFD1C9B}.Release|Any CPU.Build.0 = Release|Any CPU
		{A56FCA8D-3C90-44A0-BA40-B461B7F55865}.Debug|Any CPU.ActiveCfg = Debug|Any CPU
		{A56FCA8D-3C90-44A0-BA40-B461B7F55865}.Debug|Any CPU.Build.0 = Debug|Any CPU
		{A56FCA8D-3C90-44A0-BA40-B461B7F55865}.Release|Any CPU.ActiveCfg = Release|Any CPU
		{A56FCA8D-3C90-44A0-BA40-B461B7F55865}.Release|Any CPU.Build.0 = Release|Any CPU
		{4374931E-BEAE-4C62-B2BD-0B36451AD639}.Debug|Any CPU.ActiveCfg = Debug|Any CPU
		{4374931E-BEAE-4C62-B2BD-0B36451AD639}.Debug|Any CPU.Build.0 = Debug|Any CPU
		{4374931E-BEAE-4C62-B2BD-0B36451AD639}.Release|Any CPU.ActiveCfg = Release|Any CPU
		{4374931E-BEAE-4C62-B2BD-0B36451AD639}.Release|Any CPU.Build.0 = Release|Any CPU
		{FBA98148-E9D9-4BD5-BF6D-2D281DC8A4F7}.Debug|Any CPU.ActiveCfg = Debug|Any CPU
		{FBA98148-E9D9-4BD5-BF6D-2D281DC8A4F7}.Debug|Any CPU.Build.0 = Debug|Any CPU
		{FBA98148-E9D9-4BD5-BF6D-2D281DC8A4F7}.Release|Any CPU.ActiveCfg = Release|Any CPU
		{FBA98148-E9D9-4BD5-BF6D-2D281DC8A4F7}.Release|Any CPU.Build.0 = Release|Any CPU
	EndGlobalSection
	GlobalSection(SolutionProperties) = preSolution
		HideSolutionNode = FALSE
	EndGlobalSection
	GlobalSection(ExtensibilityGlobals) = postSolution
		SolutionGuid = {321B1EE6-B7A6-4477-8760-475DFF3DD674}
	EndGlobalSection
EndGlobal
