
Microsoft Visual Studio Solution File, Format Version 12.00
# Visual Studio Version 17
VisualStudioVersion = 17.9.34616.47
MinimumVisualStudioVersion = 10.0.40219.1
Project("{FAE04EC0-301F-11D3-BF4B-00C04F79EFBC}") = "ClassLibrary1", "ClassLibrary1\ClassLibrary1.csproj", "{91AE4BEA-ACBD-4F20-9551-30BDE6CFE348}"
EndProject
Project("{FAE04EC0-301F-11D3-BF4B-00C04F79EFBC}") = "UnitTestProject1", "UnitTestProject1\UnitTestProject1.csproj", "{0CB08664-E09E-4162-A9B0-8D56310E3331}"
EndProject
Global
	GlobalSection(SolutionConfigurationPlatforms) = preSolution
		Debug|Any CPU = Debug|Any CPU
		Release|Any CPU = Release|Any CPU
	EndGlobalSection
	GlobalSection(ProjectConfigurationPlatforms) = postSolution
		{91AE4BEA-ACBD-4F20-9551-30BDE6CFE348}.Debug|Any CPU.ActiveCfg = Debug|Any CPU
		{91AE4BEA-ACBD-4F20-9551-30BDE6CFE348}.Debug|Any CPU.Build.0 = Debug|Any CPU
		{91AE4BEA-ACBD-4F20-9551-30BDE6CFE348}.Release|Any CPU.ActiveCfg = Release|Any CPU
		{91AE4BEA-ACBD-4F20-9551-30BDE6CFE348}.Release|Any CPU.Build.0 = Release|Any CPU
		{0CB08664-E09E-4162-A9B0-8D56310E3331}.Debug|Any CPU.ActiveCfg = Debug|Any CPU
		{0CB08664-E09E-4162-A9B0-8D56310E3331}.Debug|Any CPU.Build.0 = Debug|Any CPU
		{0CB08664-E09E-4162-A9B0-8D56310E3331}.Release|Any CPU.ActiveCfg = Release|Any CPU
		{0CB08664-E09E-4162-A9B0-8D56310E3331}.Release|Any CPU.Build.0 = Release|Any CPU
	EndGlobalSection
	GlobalSection(SolutionProperties) = preSolution
		HideSolutionNode = FALSE
	EndGlobalSection
	GlobalSection(ExtensibilityGlobals) = postSolution
		SolutionGuid = {321B1EE6-B7A6-4477-8760-475DFF3DD674}
	EndGlobalSection
EndGlobal
